{
  "name": "package-age-guard",
  "version": "1.1.0",
  "lockfileVersion": 3,
  "requires": true,
  "packages": {
    "": {
      "name": "package-age-guard",
      "version": "1.1.0",
      "license": "MIT",
      "bin": {
        "package-age-guard": "bin/cli.js",
        "pag": "bin/cli.js"
      },
      "devDependencies": {},
      "engines": {
        "node": ">=18.0.0"
      }
    }
  }
}
